{
  "name": "app",
  "version": "4.0.0",
  "lockfileVersion": 1,
  "requires": true,
  "dependencies": {
    "moduleA": {
      "version": "github:imdongchen/moduleA#74041b7e98f82a32de47440fc31b8cffeec85b9c"
    },
    "moduleB": {
      "version": "github:imdongchen/moduleB#78d90dfe3a17b3370abb5c5039cc660a1eecc024",
      "requires": {
        "moduleA": "github:imdongchen/moduleA#2d86476f550d7ccfb0f089dc6c13cc13d8a9427b"
      },
      "dependencies": {
        "moduleA": {
          "version": "github:imdongchen/moduleA#2d86476f550d7ccfb0f089dc6c13cc13d8a9427b"
        }
      }
    },
    "moduleC": {
      "version": "github:imdongchen/moduleC#79700c07ead49bf25cb3fd8240b94e5052bff7a9",
      "requires": {
        "moduleA": "github:imdongchen/moduleA#2d86476f550d7ccfb0f089dc6c13cc13d8a9427b"
      },
      "dependencies": {
        "moduleA": {
          "version": "github:imdongchen/moduleA#2d86476f550d7ccfb0f089dc6c13cc13d8a9427b"
        }
      }
    }
  }
}
