{
  "name": "app",
  "version": "1.0.0",
  "lockfileVersion": 1,
  "requires": true,
  "dependencies": {
    "moduleA": {
      "version": "github:cdbean/moduleA#74041b7e98f82a32de47440fc31b8cffeec85b9c"
    },
    "moduleB": {
      "version": "github:cdbean/moduleB#39873607252487a8c1647b058993c8d1d24ca9af",
      "requires": {
        "moduleA": "github:cdbean/moduleA#2d86476f550d7ccfb0f089dc6c13cc13d8a9427b"
      },
      "dependencies": {
        "moduleA": {
          "version": "github:cdbean/moduleA#2d86476f550d7ccfb0f089dc6c13cc13d8a9427b"
        }
      }
    }
  }
}
